
Microsoft Visual Studio Solution File, Format Version 12.00
# Visual Studio Version 16
VisualStudioVersion = 16.0.30320.27
MinimumVisualStudioVersion = 10.0.40219.1
Project("{FAE04EC0-301F-11D3-BF4B-00C04F79EFBC}") = "FullSingleThreadIDA", "FullSingleThreadIDA\FullSingleThreadIDA.csproj", "{88AB5BD9-AEB6-4404-8430-A3CEE00F8864}"
EndProject
Project("{FAE04EC0-301F-11D3-BF4B-00C04F79EFBC}") = "IDALauncher", "IDALauncher\IDALauncher.csproj", "{9B525049-52AA-4DD1-A197-208DEB98680B}"
EndProject
Project("{FAE04EC0-301F-11D3-BF4B-00C04F79EFBC}") = "Utilities", "Utilities\Utilities.csproj", "{D6B39601-5B5D-4CBE-A6DE-32349CFA4899}"
EndProject
Project("{FAE04EC0-301F-11D3-BF4B-00C04F79EFBC}") = "TruncMultiThreadIDA", "TruncMultiThreadIDA\TruncMultiThreadIDA.csproj", "{73770602-C1B9-4B4B-8EF9-E7BAE2113E50}"
EndProject
Project("{FAE04EC0-301F-11D3-BF4B-00C04F79EFBC}") = "TruncSingleThreadIDA", "TruncSingleThreadIDA\TruncSingleThreadIDA.csproj", "{EB1F7F15-4ACF-48FC-9013-2AED267A3137}"
EndProject
Project("{FAE04EC0-301F-11D3-BF4B-00C04F79EFBC}") = "IDALib", "IDALib\IDALib.csproj", "{280205EE-185D-4011-955C-81E85CB82B20}"
EndProject
Project("{FAE04EC0-301F-11D3-BF4B-00C04F79EFBC}") = "IDAClient", "IDAClient\IDAClient.csproj", "{4B65397A-F1D9-4851-BFC3-53BCF217DA54}"
EndProject
Project("{FAE04EC0-301F-11D3-BF4B-00C04F79EFBC}") = "IDAServer", "IDAServer\IDAServer.csproj", "{52F77F1F-97DB-4772-9C81-57F17B9E701A}"
EndProject
Global
	GlobalSection(SolutionConfigurationPlatforms) = preSolution
		Debug|Any CPU = Debug|Any CPU
		Release|Any CPU = Release|Any CPU
	EndGlobalSection
	GlobalSection(ProjectConfigurationPlatforms) = postSolution
		{88AB5BD9-AEB6-4404-8430-A3CEE00F8864}.Debug|Any CPU.ActiveCfg = Debug|Any CPU
		{88AB5BD9-AEB6-4404-8430-A3CEE00F8864}.Debug|Any CPU.Build.0 = Debug|Any CPU
		{88AB5BD9-AEB6-4404-8430-A3CEE00F8864}.Release|Any CPU.ActiveCfg = Release|Any CPU
		{88AB5BD9-AEB6-4404-8430-A3CEE00F8864}.Release|Any CPU.Build.0 = Release|Any CPU
		{9B525049-52AA-4DD1-A197-208DEB98680B}.Debug|Any CPU.ActiveCfg = Debug|Any CPU
		{9B525049-52AA-4DD1-A197-208DEB98680B}.Debug|Any CPU.Build.0 = Debug|Any CPU
		{9B525049-52AA-4DD1-A197-208DEB98680B}.Release|Any CPU.ActiveCfg = Release|Any CPU
		{9B525049-52AA-4DD1-A197-208DEB98680B}.Release|Any CPU.Build.0 = Release|Any CPU
		{D6B39601-5B5D-4CBE-A6DE-32349CFA4899}.Debug|Any CPU.ActiveCfg = Debug|Any CPU
		{D6B39601-5B5D-4CBE-A6DE-32349CFA4899}.Debug|Any CPU.Build.0 = Debug|Any CPU
		{D6B39601-5B5D-4CBE-A6DE-32349CFA4899}.Release|Any CPU.ActiveCfg = Release|Any CPU
		{D6B39601-5B5D-4CBE-A6DE-32349CFA4899}.Release|Any CPU.Build.0 = Release|Any CPU
		{73770602-C1B9-4B4B-8EF9-E7BAE2113E50}.Debug|Any CPU.ActiveCfg = Debug|Any CPU
		{73770602-C1B9-4B4B-8EF9-E7BAE2113E50}.Debug|Any CPU.Build.0 = Debug|Any CPU
		{73770602-C1B9-4B4B-8EF9-E7BAE2113E50}.Release|Any CPU.ActiveCfg = Release|Any CPU
		{73770602-C1B9-4B4B-8EF9-E7BAE2113E50}.Release|Any CPU.Build.0 = Release|Any CPU
		{EB1F7F15-4ACF-48FC-9013-2AED267A3137}.Debug|Any CPU.ActiveCfg = Debug|Any CPU
		{EB1F7F15-4ACF-48FC-9013-2AED267A3137}.Debug|Any CPU.Build.0 = Debug|Any CPU
		{EB1F7F15-4ACF-48FC-9013-2AED267A3137}.Release|Any CPU.ActiveCfg = Release|Any CPU
		{EB1F7F15-4ACF-48FC-9013-2AED267A3137}.Release|Any CPU.Build.0 = Release|Any CPU
		{280205EE-185D-4011-955C-81E85CB82B20}.Debug|Any CPU.ActiveCfg = Debug|Any CPU
		{280205EE-185D-4011-955C-81E85CB82B20}.Debug|Any CPU.Build.0 = Debug|Any CPU
		{280205EE-185D-4011-955C-81E85CB82B20}.Release|Any CPU.ActiveCfg = Release|Any CPU
		{280205EE-185D-4011-955C-81E85CB82B20}.Release|Any CPU.Build.0 = Release|Any CPU
		{4B65397A-F1D9-4851-BFC3-53BCF217DA54}.Debug|Any CPU.ActiveCfg = Debug|Any CPU
		{4B65397A-F1D9-4851-BFC3-53BCF217DA54}.Debug|Any CPU.Build.0 = Debug|Any CPU
		{4B65397A-F1D9-4851-BFC3-53BCF217DA54}.Release|Any CPU.ActiveCfg = Release|Any CPU
		{4B65397A-F1D9-4851-BFC3-53BCF217DA54}.Release|Any CPU.Build.0 = Release|Any CPU
		{52F77F1F-97DB-4772-9C81-57F17B9E701A}.Debug|Any CPU.ActiveCfg = Debug|Any CPU
		{52F77F1F-97DB-4772-9C81-57F17B9E701A}.Debug|Any CPU.Build.0 = Debug|Any CPU
		{52F77F1F-97DB-4772-9C81-57F17B9E701A}.Release|Any CPU.ActiveCfg = Release|Any CPU
		{52F77F1F-97DB-4772-9C81-57F17B9E701A}.Release|Any CPU.Build.0 = Release|Any CPU
	EndGlobalSection
	GlobalSection(SolutionProperties) = preSolution
		HideSolutionNode = FALSE
	EndGlobalSection
	GlobalSection(ExtensibilityGlobals) = postSolution
		SolutionGuid = {B9DFDF92-14C8-4F12-B997-B29437743532}
	EndGlobalSection
EndGlobal
